// !$*UTF8*$!
{
	archiveVersion = 1;
	classes = {
	};
	objectVersion = 50;
	objects = {

/* Begin PBXBuildFile section */
		FC57DF0A2626B42400CFFEF3 /* AppDelegate.swift in Sources */ = {isa = PBXBuildFile; fileRef = FC57DF092626B42400CFFEF3 /* AppDelegate.swift */; };
		FC57DF0C2626B42400CFFEF3 /* SceneDelegate.swift in Sources */ = {isa = PBXBuildFile; fileRef = FC57DF0B2626B42400CFFEF3 /* SceneDelegate.swift */; };
		FC57DF0E2626B42400CFFEF3 /* RestaurantViewController.swift in Sources */ = {isa = PBXBuildFile; fileRef = FC57DF0D2626B42400CFFEF3 /* RestaurantViewController.swift */; };
		FC57DF132626B42A00CFFEF3 /* Assets.xcassets in Resources */ = {isa = PBXBuildFile; fileRef = FC57DF122626B42A00CFFEF3 /* Assets.xcassets */; };
		FC57DF162626B42A00CFFEF3 /* LaunchScreen.storyboard in Resources */ = {isa = PBXBuildFile; fileRef = FC57DF142626B42A00CFFEF3 /* LaunchScreen.storyboard */; };
		FC57DF222626C7A900CFFEF3 /* RestaurantsService.swift in Sources */ = {isa = PBXBuildFile; fileRef = FC57DF212626C7A900CFFEF3 /* RestaurantsService.swift */; };
		FC57DF242627585200CFFEF3 /* RestaurantsViewModel.swift in Sources */ = {isa = PBXBuildFile; fileRef = FC57DF232627585100CFFEF3 /* RestaurantsViewModel.swift */; };
		FC57DF4C2627BEE700CFFEF3 /* RestaurantDetailViewController.swift in Sources */ = {isa = PBXBuildFile; fileRef = FC57DF4B2627BEE700CFFEF3 /* RestaurantDetailViewController.swift */; };
/* End PBXBuildFile section */

/* Begin PBXFileReference section */
		FC57DF062626B42400CFFEF3 /* ChowList.app */ = {isa = PBXFileReference; explicitFileType = wrapper.application; includeInIndex = 0; path = ChowList.app; sourceTree = BUILT_PRODUCTS_DIR; };
		FC57DF092626B42400CFFEF3 /* AppDelegate.swift */ = {isa = PBXFileReference; lastKnownFileType = sourcecode.swift; path = AppDelegate.swift; sourceTree = "<group>"; };
		FC57DF0B2626B42400CFFEF3 /* SceneDelegate.swift */ = {isa = PBXFileReference; lastKnownFileType = sourcecode.swift; path = SceneDelegate.swift; sourceTree = "<group>"; };
		FC57DF0D2626B42400CFFEF3 /* RestaurantViewController.swift */ = {isa = PBXFileReference; lastKnownFileType = sourcecode.swift; path = RestaurantViewController.swift; sourceTree = "<group>"; };
		FC57DF122626B42A00CFFEF3 /* Assets.xcassets */ = {isa = PBXFileReference; lastKnownFileType = folder.assetcatalog; path = Assets.xcassets; sourceTree = "<group>"; };
		FC57DF152626B42A00CFFEF3 /* Base */ = {isa = PBXFileReference; lastKnownFileType = file.storyboard; name = Base; path = Base.lproj/LaunchScreen.storyboard; sourceTree = "<group>"; };
		FC57DF172626B42A00CFFEF3 /* Info.plist */ = {isa = PBXFileReference; lastKnownFileType = text.plist.xml; path = Info.plist; sourceTree = "<group>"; };
		FC57DF212626C7A900CFFEF3 /* RestaurantsService.swift */ = {isa = PBXFileReference; lastKnownFileType = sourcecode.swift; path = RestaurantsService.swift; sourceTree = "<group>"; };
		FC57DF232627585100CFFEF3 /* RestaurantsViewModel.swift */ = {isa = PBXFileReference; lastKnownFileType = sourcecode.swift; path = RestaurantsViewModel.swift; sourceTree = "<group>"; };
		FC57DF4B2627BEE700CFFEF3 /* RestaurantDetailViewController.swift */ = {isa = PBXFileReference; lastKnownFileType = sourcecode.swift; path = RestaurantDetailViewController.swift; sourceTree = "<group>"; };
/* End PBXFileReference section */

/* Begin PBXFrameworksBuildPhase section */
		FC57DF032626B42400CFFEF3 /* Frameworks */ = {
			isa = PBXFrameworksBuildPhase;
			buildActionMask = 2147483647;
			files = (
			);
			runOnlyForDeploymentPostprocessing = 0;
		};
/* End PBXFrameworksBuildPhase section */

/* Begin PBXGroup section */
		FC57DEFD2626B42400CFFEF3 = {
			isa = PBXGroup;
			children = (
				FC57DF082626B42400CFFEF3 /* ChowList */,
				FC57DF072626B42400CFFEF3 /* Products */,
			);
			sourceTree = "<group>";
		};
		FC57DF072626B42400CFFEF3 /* Products */ = {
			isa = PBXGroup;
			children = (
				FC57DF062626B42400CFFEF3 /* ChowList.app */,
			);
			name = Products;
			sourceTree = "<group>";
		};
		FC57DF082626B42400CFFEF3 /* ChowList */ = {
			isa = PBXGroup;
			children = (
				FC57DF1E2626C5DA00CFFEF3 /* Controllers */,
				FC57DF1D2626C5CA00CFFEF3 /* Models */,
				FC57DF202626C5EF00CFFEF3 /* Services */,
				FC57DF1F2626C5E800CFFEF3 /* Views */,
				FC57DF092626B42400CFFEF3 /* AppDelegate.swift */,
				FC57DF0B2626B42400CFFEF3 /* SceneDelegate.swift */,
				FC57DF122626B42A00CFFEF3 /* Assets.xcassets */,
				FC57DF142626B42A00CFFEF3 /* LaunchScreen.storyboard */,
				FC57DF172626B42A00CFFEF3 /* Info.plist */,
			);
			path = ChowList;
			sourceTree = "<group>";
		};
		FC57DF1D2626C5CA00CFFEF3 /* Models */ = {
			isa = PBXGroup;
			children = (
				FC57DF232627585100CFFEF3 /* RestaurantsViewModel.swift */,
			);
			path = Models;
			sourceTree = "<group>";
		};
		FC57DF1E2626C5DA00CFFEF3 /* Controllers */ = {
			isa = PBXGroup;
			children = (
				FC57DF0D2626B42400CFFEF3 /* RestaurantViewController.swift */,
			);
			path = Controllers;
			sourceTree = "<group>";
		};
		FC57DF1F2626C5E800CFFEF3 /* Views */ = {
			isa = PBXGroup;
			children = (
				FC57DF4B2627BEE700CFFEF3 /* RestaurantDetailViewController.swift */,
			);
			path = Views;
			sourceTree = "<group>";
		};
		FC57DF202626C5EF00CFFEF3 /* Services */ = {
			isa = PBXGroup;
			children = (
				FC57DF212626C7A900CFFEF3 /* RestaurantsService.swift */,
			);
			path = Services;
			sourceTree = "<group>";
		};
/* End PBXGroup section */

/* Begin PBXNativeTarget section */
		FC57DF052626B42400CFFEF3 /* ChowList */ = {
			isa = PBXNativeTarget;
			buildConfigurationList = FC57DF1A2626B42A00CFFEF3 /* Build configuration list for PBXNativeTarget "ChowList" */;
			buildPhases = (
				FC57DF022626B42400CFFEF3 /* Sources */,
				FC57DF032626B42400CFFEF3 /* Frameworks */,
				FC57DF042626B42400CFFEF3 /* Resources */,
			);
			buildRules = (
			);
			dependencies = (
			);
			name = ChowList;
			productName = ChowList;
			productReference = FC57DF062626B42400CFFEF3 /* ChowList.app */;
			productType = "com.apple.product-type.application";
		};
/* End PBXNativeTarget section */

/* Begin PBXProject section */
		FC57DEFE2626B42400CFFEF3 /* Project object */ = {
			isa = PBXProject;
			attributes = {
				LastSwiftUpdateCheck = 1170;
				LastUpgradeCheck = 1170;
				ORGANIZATIONNAME = "Jonathan Chua";
				TargetAttributes = {
					FC57DF052626B42400CFFEF3 = {
						CreatedOnToolsVersion = 11.7;
					};
				};
			};
			buildConfigurationList = FC57DF012626B42400CFFEF3 /* Build configuration list for PBXProject "ChowList" */;
			compatibilityVersion = "Xcode 9.3";
			developmentRegion = en;
			hasScannedForEncodings = 0;
			knownRegions = (
				en,
				Base,
			);
			mainGroup = FC57DEFD2626B42400CFFEF3;
			productRefGroup = FC57DF072626B42400CFFEF3 /* Products */;
			projectDirPath = "";
			projectRoot = "";
			targets = (
				FC57DF052626B42400CFFEF3 /* ChowList */,
			);
		};
/* End PBXProject section */

/* Begin PBXResourcesBuildPhase section */
		FC57DF042626B42400CFFEF3 /* Resources */ = {
			isa = PBXResourcesBuildPhase;
			buildActionMask = 2147483647;
			files = (
				FC57DF162626B42A00CFFEF3 /* LaunchScreen.storyboard in Resources */,
				FC57DF132626B42A00CFFEF3 /* Assets.xcassets in Resources */,
			);
			runOnlyForDeploymentPostprocessing = 0;
		};
/* End PBXResourcesBuildPhase section */

/* Begin PBXSourcesBuildPhase section */
		FC57DF022626B42400CFFEF3 /* Sources */ = {
			isa = PBXSourcesBuildPhase;
			buildActionMask = 2147483647;
			files = (
				FC57DF222626C7A900CFFEF3 /* RestaurantsService.swift in Sources */,
				FC57DF0E2626B42400CFFEF3 /* RestaurantViewController.swift in Sources */,
				FC57DF242627585200CFFEF3 /* RestaurantsViewModel.swift in Sources */,
				FC57DF0A2626B42400CFFEF3 /* AppDelegate.swift in Sources */,
				FC57DF4C2627BEE700CFFEF3 /* RestaurantDetailViewController.swift in Sources */,
				FC57DF0C2626B42400CFFEF3 /* SceneDelegate.swift in Sources */,
			);
			runOnlyForDeploymentPostprocessing = 0;
		};
/* End PBXSourcesBuildPhase section */

/* Begin PBXVariantGroup section */
		FC57DF142626B42A00CFFEF3 /* LaunchScreen.storyboard */ = {
			isa = PBXVariantGroup;
			children = (
				FC57DF152626B42A00CFFEF3 /* Base */,
			);
			name = LaunchScreen.storyboard;
			sourceTree = "<group>";
		};
/* End PBXVariantGroup section */

/* Begin XCBuildConfiguration section */
		FC57DF182626B42A00CFFEF3 /* Debug */ = {
			isa = XCBuildConfiguration;
			buildSettings = {
				ALWAYS_SEARCH_USER_PATHS = NO;
				CLANG_ANALYZER_NONNULL = YES;
				CLANG_ANALYZER_NUMBER_OBJECT_CONVERSION = YES_AGGRESSIVE;
				CLANG_CXX_LANGUAGE_STANDARD = "gnu++14";
				CLANG_CXX_LIBRARY = "libc++";
				CLANG_ENABLE_MODULES = YES;
				CLANG_ENABLE_OBJC_ARC = YES;
				CLANG_ENABLE_OBJC_WEAK = YES;
				CLANG_WARN_BLOCK_CAPTURE_AUTORELEASING = YES;
				CLANG_WARN_BOOL_CONVERSION = YES;
				CLANG_WARN_COMMA = YES;
				CLANG_WARN_CONSTANT_CONVERSION = YES;
				CLANG_WARN_DEPRECATED_OBJC_IMPLEMENTATIONS = YES;
				CLANG_WARN_DIRECT_OBJC_ISA_USAGE = YES_ERROR;
				CLANG_WARN_DOCUMENTATION_COMMENTS = YES;
				CLANG_WARN_EMPTY_BODY = YES;
				CLANG_WARN_ENUM_CONVERSION = YES;
				CLANG_WARN_INFINITE_RECURSION = YES;
				CLANG_WARN_INT_CONVERSION = YES;
				CLANG_WARN_NON_LITERAL_NULL_CONVERSION = YES;
				CLANG_WARN_OBJC_IMPLICIT_RETAIN_SELF = YES;
				CLANG_WARN_OBJC_LITERAL_CONVERSION = YES;
				CLANG_WARN_OBJC_ROOT_CLASS = YES_ERROR;
				CLANG_WARN_RANGE_LOOP_ANALYSIS = YES;
				CLANG_WARN_STRICT_PROTOTYPES = YES;
				CLANG_WARN_SUSPICIOUS_MOVE = YES;
				CLANG_WARN_UNGUARDED_AVAILABILITY = YES_AGGRESSIVE;
				CLANG_WARN_UNREACHABLE_CODE = YES;
				CLANG_WARN__DUPLICATE_METHOD_MATCH = YES;
				COPY_PHASE_STRIP = NO;
				DEBUG_INFORMATION_FORMAT = dwarf;
				ENABLE_STRICT_OBJC_MSGSEND = YES;
				ENABLE_TESTABILITY = YES;
				GCC_C_LANGUAGE_STANDARD = gnu11;
				GCC_DYNAMIC_NO_PIC = NO;
				GCC_NO_COMMON_BLOCKS = YES;
				GCC_OPTIMIZATION_LEVEL = 0;
				GCC_PREPROCESSOR_DEFINITIONS = (
					"DEBUG=1",
					"$(inherited)",
				);
				GCC_WARN_64_TO_32_BIT_CONVERSION = YES;
				GCC_WARN_ABOUT_RETURN_TYPE = YES_ERROR;
				GCC_WARN_UNDECLARED_SELECTOR = YES;
				GCC_WARN_UNINITIALIZED_AUTOS = YES_AGGRESSIVE;
				GCC_WARN_UNUSED_FUNCTION = YES;
				GCC_WARN_UNUSED_VARIABLE = YES;
				IPHONEOS_DEPLOYMENT_TARGET = 13.7;
				MTL_ENABLE_DEBUG_INFO = INCLUDE_SOURCE;
				MTL_FAST_MATH = YES;
				ONLY_ACTIVE_ARCH = YES;
				SDKROOT = iphoneos;
				SWIFT_ACTIVE_COMPILATION_CONDITIONS = DEBUG;
				SWIFT_OPTIMIZATION_LEVEL = "-Onone";
			};
			name = Debug;
		};
		FC57DF192626B42A00CFFEF3 /* Release */ = {
			isa = XCBuildConfiguration;
			buildSettings = {
				ALWAYS_SEARCH_USER_PATHS = NO;
				CLANG_ANALYZER_NONNULL = YES;
				CLANG_ANALYZER_NUMBER_OBJECT_CONVERSION = YES_AGGRESSIVE;
				CLANG_CXX_LANGUAGE_STANDARD = "gnu++14";
				CLANG_CXX_LIBRARY = "libc++";
				CLANG_ENABLE_MODULES = YES;
				CLANG_ENABLE_OBJC_ARC = YES;
				CLANG_ENABLE_OBJC_WEAK = YES;
				CLANG_WARN_BLOCK_CAPTURE_AUTORELEASING = YES;
				CLANG_WARN_BOOL_CONVERSION = YES;
				CLANG_WARN_COMMA = YES;
				CLANG_WARN_CONSTANT_CONVERSION = YES;
				CLANG_WARN_DEPRECATED_OBJC_IMPLEMENTATIONS = YES;
				CLANG_WARN_DIRECT_OBJC_ISA_USAGE = YES_ERROR;
				CLANG_WARN_DOCUMENTATION_COMMENTS = YES;
				CLANG_WARN_EMPTY_BODY = YES;
				CLANG_WARN_ENUM_CONVERSION = YES;
				CLANG_WARN_INFINITE_RECURSION = YES;
				CLANG_WARN_INT_CONVERSION = YES;
				CLANG_WARN_NON_LITERAL_NULL_CONVERSION = YES;
				CLANG_WARN_OBJC_IMPLICIT_RETAIN_SELF = YES;
				CLANG_WARN_OBJC_LITERAL_CONVERSION = YES;
				CLANG_WARN_OBJC_ROOT_CLASS = YES_ERROR;
				CLANG_WARN_RANGE_LOOP_ANALYSIS = YES;
				CLANG_WARN_STRICT_PROTOTYPES = YES;
				CLANG_WARN_SUSPICIOUS_MOVE = YES;
				CLANG_WARN_UNGUARDED_AVAILABILITY = YES_AGGRESSIVE;
				CLANG_WARN_UNREACHABLE_CODE = YES;
				CLANG_WARN__DUPLICATE_METHOD_MATCH = YES;
				COPY_PHASE_STRIP = NO;
				DEBUG_INFORMATION_FORMAT = "dwarf-with-dsym";
				ENABLE_NS_ASSERTIONS = NO;
				ENABLE_STRICT_OBJC_MSGSEND = YES;
				GCC_C_LANGUAGE_STANDARD = gnu11;
				GCC_NO_COMMON_BLOCKS = YES;
				GCC_WARN_64_TO_32_BIT_CONVERSION = YES;
				GCC_WARN_ABOUT_RETURN_TYPE = YES_ERROR;
				GCC_WARN_UNDECLARED_SELECTOR = YES;
				GCC_WARN_UNINITIALIZED_AUTOS = YES_AGGRESSIVE;
				GCC_WARN_UNUSED_FUNCTION = YES;
				GCC_WARN_UNUSED_VARIABLE = YES;
				IPHONEOS_DEPLOYMENT_TARGET = 13.7;
				MTL_ENABLE_DEBUG_INFO = NO;
				MTL_FAST_MATH = YES;
				SDKROOT = iphoneos;
				SWIFT_COMPILATION_MODE = wholemodule;
				SWIFT_OPTIMIZATION_LEVEL = "-O";
				VALIDATE_PRODUCT = YES;
			};
			name = Release;
		};
		FC57DF1B2626B42A00CFFEF3 /* Debug */ = {
			isa = XCBuildConfiguration;
			buildSettings = {
				ASSETCATALOG_COMPILER_APPICON_NAME = AppIcon;
				CODE_SIGN_STYLE = Automatic;
				INFOPLIST_FILE = ChowList/Info.plist;
				LD_RUNPATH_SEARCH_PATHS = (
					"$(inherited)",
					"@executable_path/Frameworks",
				);
				PRODUCT_BUNDLE_IDENTIFIER = com.chuabacca.ChowList;
				PRODUCT_NAME = "$(TARGET_NAME)";
				SWIFT_VERSION = 5.0;
				TARGETED_DEVICE_FAMILY = "1,2";
			};
			name = Debug;
		};
		FC57DF1C2626B42A00CFFEF3 /* Release */ = {
			isa = XCBuildConfiguration;
			buildSettings = {
				ASSETCATALOG_COMPILER_APPICON_NAME = AppIcon;
				CODE_SIGN_STYLE = Automatic;
				INFOPLIST_FILE = ChowList/Info.plist;
				LD_RUNPATH_SEARCH_PATHS = (
					"$(inherited)",
					"@executable_path/Frameworks",
				);
				PRODUCT_BUNDLE_IDENTIFIER = com.chuabacca.ChowList;
				PRODUCT_NAME = "$(TARGET_NAME)";
				SWIFT_VERSION = 5.0;
				TARGETED_DEVICE_FAMILY = "1,2";
			};
			name = Release;
		};
/* End XCBuildConfiguration section */

/* Begin XCConfigurationList section */
		FC57DF012626B42400CFFEF3 /* Build configuration list for PBXProject "ChowList" */ = {
			isa = XCConfigurationList;
			buildConfigurations = (
				FC57DF182626B42A00CFFEF3 /* Debug */,
				FC57DF192626B42A00CFFEF3 /* Release */,
			);
			defaultConfigurationIsVisible = 0;
			defaultConfigurationName = Release;
		};
		FC57DF1A2626B42A00CFFEF3 /* Build configuration list for PBXNativeTarget "ChowList" */ = {
			isa = XCConfigurationList;
			buildConfigurations = (
				FC57DF1B2626B42A00CFFEF3 /* Debug */,
				FC57DF1C2626B42A00CFFEF3 /* Release */,
			);
			defaultConfigurationIsVisible = 0;
			defaultConfigurationName = Release;
		};
/* End XCConfigurationList section */
	};
	rootObject = FC57DEFE2626B42400CFFEF3 /* Project object */;
}
